// !$*UTF8*$!
{
	archiveVersion = 1;
	classes = {
	};
	objectVersion = 46;
	objects = {

/* Begin PBXBuildFile section */
		FA3E8A9D1AE0312C00312BAA /* main.cpp in Sources */ = {isa = PBXBuildFile; fileRef = FA3E8A9C1AE0312C00312BAA /* main.cpp */; };
/* End PBXBuildFile section */

/* Begin PBXCopyFilesBuildPhase section */
		FA3E8A971AE0312C00312BAA /* CopyFiles */ = {
			isa = PBXCopyFilesBuildPhase;
			buildActionMask = 2147483647;
			dstPath = /usr/share/man/man1/;
			dstSubfolderSpec = 0;
			files = (
			);
			runOnlyForDeploymentPostprocessing = 1;
		};
/* End PBXCopyFilesBuildPhase section */

/* Begin PBXFileReference section */
		FA3E8A991AE0312C00312BAA /* text_editor_xcode_proj */ = {isa = PBXFileReference; explicitFileType = "compiled.mach-o.executable"; includeInIndex = 0; path = text_editor_xcode_proj; sourceTree = BUILT_PRODUCTS_DIR; };
		FA3E8A9C1AE0312C00312BAA /* main.cpp */ = {isa = PBXFileReference; lastKnownFileType = sourcecode.cpp.cpp; path = main.cpp; sourceTree = "<group>"; };
/* End PBXFileReference section */

/* Begin PBXFrameworksBuildPhase section */
		FA3E8A961AE0312C00312BAA /* Frameworks */ = {
			isa = PBXFrameworksBuildPhase;
			buildActionMask = 2147483647;
			files = (
			);
			runOnlyForDeploymentPostprocessing = 0;
		};
/* End PBXFrameworksBuildPhase section */

/* Begin PBXGroup section */
		FA3E8A901AE0312C00312BAA = {
			isa = PBXGroup;
			children = (
				FA3E8A9B1AE0312C00312BAA /* text_editor_xcode_proj */,
				FA3E8A9A1AE0312C00312BAA /* Products */,
			);
			sourceTree = "<group>";
		};
		FA3E8A9A1AE0312C00312BAA /* Products */ = {
			isa = PBXGroup;
			children = (
				FA3E8A991AE0312C00312BAA /* text_editor_xcode_proj */,
			);
			name = Products;
			sourceTree = "<group>";
		};
		FA3E8A9B1AE0312C00312BAA /* text_editor_xcode_proj */ = {
			isa = PBXGroup;
			children = (
				FA3E8A9C1AE0312C00312BAA /* main.cpp */,
			);
			path = text_editor_xcode_proj;
			sourceTree = "<group>";
		};
/* End PBXGroup section */

/* Begin PBXNativeTarget section */
		FA3E8A981AE0312C00312BAA /* text_editor_xcode_proj */ = {
			isa = PBXNativeTarget;
			buildConfigurationList = FA3E8AA01AE0312C00312BAA /* Build configuration list for PBXNativeTarget "text_editor_xcode_proj" */;
			buildPhases = (
				FA3E8A951AE0312C00312BAA /* Sources */,
				FA3E8A961AE0312C00312BAA /* Frameworks */,
				FA3E8A971AE0312C00312BAA /* CopyFiles */,
			);
			buildRules = (
			);
			dependencies = (
			);
			name = text_editor_xcode_proj;
			productName = text_editor_xcode_proj;
			productReference = FA3E8A991AE0312C00312BAA /* text_editor_xcode_proj */;
			productType = "com.apple.product-type.tool";
		};
/* End PBXNativeTarget section */

/* Begin PBXProject section */
		FA3E8A911AE0312C00312BAA /* Project object */ = {
			isa = PBXProject;
			attributes = {
				LastUpgradeCheck = 0620;
				ORGANIZATIONNAME = Alex;
				TargetAttributes = {
					FA3E8A981AE0312C00312BAA = {
						CreatedOnToolsVersion = 6.2;
					};
				};
			};
			buildConfigurationList = FA3E8A941AE0312C00312BAA /* Build configuration list for PBXProject "text_editor_xcode_proj" */;
			compatibilityVersion = "Xcode 3.2";
			developmentRegion = English;
			hasScannedForEncodings = 0;
			knownRegions = (
				en,
			);
			mainGroup = FA3E8A901AE0312C00312BAA;
			productRefGroup = FA3E8A9A1AE0312C00312BAA /* Products */;
			projectDirPath = "";
			projectRoot = "";
			targets = (
				FA3E8A981AE0312C00312BAA /* text_editor_xcode_proj */,
			);
		};
/* End PBXProject section */

/* Begin PBXSourcesBuildPhase section */
		FA3E8A951AE0312C00312BAA /* Sources */ = {
			isa = PBXSourcesBuildPhase;
			buildActionMask = 2147483647;
			files = (
				FA3E8A9D1AE0312C00312BAA /* main.cpp in Sources */,
			);
			runOnlyForDeploymentPostprocessing = 0;
		};
/* End PBXSourcesBuildPhase section */

/* Begin XCBuildConfiguration section */
		FA3E8A9E1AE0312C00312BAA /* Debug */ = {
			isa = XCBuildConfiguration;
			buildSettings = {
				ALWAYS_SEARCH_USER_PATHS = NO;
				CLANG_CXX_LANGUAGE_STANDARD = "gnu++0x";
				CLANG_CXX_LIBRARY = "libc++";
				CLANG_ENABLE_MODULES = YES;
				CLANG_ENABLE_OBJC_ARC = YES;
				CLANG_WARN_BOOL_CONVERSION = YES;
				CLANG_WARN_CONSTANT_CONVERSION = YES;
				CLANG_WARN_DIRECT_OBJC_ISA_USAGE = YES_ERROR;
				CLANG_WARN_EMPTY_BODY = YES;
				CLANG_WARN_ENUM_CONVERSION = YES;
				CLANG_WARN_INT_CONVERSION = YES;
				CLANG_WARN_OBJC_ROOT_CLASS = YES_ERROR;
				CLANG_WARN_UNREACHABLE_CODE = YES;
				CLANG_WARN__DUPLICATE_METHOD_MATCH = YES;
				COPY_PHASE_STRIP = NO;
				ENABLE_STRICT_OBJC_MSGSEND = YES;
				GCC_C_LANGUAGE_STANDARD = gnu99;
				GCC_DYNAMIC_NO_PIC = NO;
				GCC_OPTIMIZATION_LEVEL = 0;
				GCC_PREPROCESSOR_DEFINITIONS = (
					"DEBUG=1",
					"$(inherited)",
				);
				GCC_SYMBOLS_PRIVATE_EXTERN = NO;
				GCC_WARN_64_TO_32_BIT_CONVERSION = YES;
				GCC_WARN_ABOUT_RETURN_TYPE = YES_ERROR;
				GCC_WARN_UNDECLARED_SELECTOR = YES;
				GCC_WARN_UNINITIALIZED_AUTOS = YES_AGGRESSIVE;
				GCC_WARN_UNUSED_FUNCTION = YES;
				GCC_WARN_UNUSED_VARIABLE = YES;
				MACOSX_DEPLOYMENT_TARGET = 10.10;
				MTL_ENABLE_DEBUG_INFO = YES;
				ONLY_ACTIVE_ARCH = YES;
				SDKROOT = macosx;
			};
			name = Debug;
		};
		FA3E8A9F1AE0312C00312BAA /* Release */ = {
			isa = XCBuildConfiguration;
			buildSettings = {
				ALWAYS_SEARCH_USER_PATHS = NO;
				CLANG_CXX_LANGUAGE_STANDARD = "gnu++0x";
				CLANG_CXX_LIBRARY = "libc++";
				CLANG_ENABLE_MODULES = YES;
				CLANG_ENABLE_OBJC_ARC = YES;
				CLANG_WARN_BOOL_CONVERSION = YES;
				CLANG_WARN_CONSTANT_CONVERSION = YES;
				CLANG_WARN_DIRECT_OBJC_ISA_USAGE = YES_ERROR;
				CLANG_WARN_EMPTY_BODY = YES;
				CLANG_WARN_ENUM_CONVERSION = YES;
				CLANG_WARN_INT_CONVERSION = YES;
				CLANG_WARN_OBJC_ROOT_CLASS = YES_ERROR;
				CLANG_WARN_UNREACHABLE_CODE = YES;
				CLANG_WARN__DUPLICATE_METHOD_MATCH = YES;
				COPY_PHASE_STRIP = NO;
				DEBUG_INFORMATION_FORMAT = "dwarf-with-dsym";
				ENABLE_NS_ASSERTIONS = NO;
				ENABLE_STRICT_OBJC_MSGSEND = YES;
				GCC_C_LANGUAGE_STANDARD = gnu99;
				GCC_WARN_64_TO_32_BIT_CONVERSION = YES;
				GCC_WARN_ABOUT_RETURN_TYPE = YES_ERROR;
				GCC_WARN_UNDECLARED_SELECTOR = YES;
				GCC_WARN_UNINITIALIZED_AUTOS = YES_AGGRESSIVE;
				GCC_WARN_UNUSED_FUNCTION = YES;
				GCC_WARN_UNUSED_VARIABLE = YES;
				MACOSX_DEPLOYMENT_TARGET = 10.10;
				MTL_ENABLE_DEBUG_INFO = NO;
				SDKROOT = macosx;
			};
			name = Release;
		};
		FA3E8AA11AE0312C00312BAA /* Debug */ = {
			isa = XCBuildConfiguration;
			buildSettings = {
				PRODUCT_NAME = "$(TARGET_NAME)";
			};
			name = Debug;
		};
		FA3E8AA21AE0312C00312BAA /* Release */ = {
			isa = XCBuildConfiguration;
			buildSettings = {
				PRODUCT_NAME = "$(TARGET_NAME)";
			};
			name = Release;
		};
/* End XCBuildConfiguration section */

/* Begin XCConfigurationList section */
		FA3E8A941AE0312C00312BAA /* Build configuration list for PBXProject "text_editor_xcode_proj" */ = {
			isa = XCConfigurationList;
			buildConfigurations = (
				FA3E8A9E1AE0312C00312BAA /* Debug */,
				FA3E8A9F1AE0312C00312BAA /* Release */,
			);
			defaultConfigurationIsVisible = 0;
			defaultConfigurationName = Release;
		};
		FA3E8AA01AE0312C00312BAA /* Build configuration list for PBXNativeTarget "text_editor_xcode_proj" */ = {
			isa = XCConfigurationList;
			buildConfigurations = (
				FA3E8AA11AE0312C00312BAA /* Debug */,
				FA3E8AA21AE0312C00312BAA /* Release */,
			);
			defaultConfigurationIsVisible = 0;
		};
/* End XCConfigurationList section */
	};
	rootObject = FA3E8A911AE0312C00312BAA /* Project object */;
}
